
Microsoft Visual Studio Solution File, Format Version 12.00
# Visual Studio Version 17
VisualStudioVersion = 17.7.34202.233
MinimumVisualStudioVersion = 10.0.40219.1
Project("{FAE04EC0-301F-11D3-BF4B-00C04F79EFBC}") = "WPFzad1", "WPFzad1\WPFzad1.csproj", "{5C4BBB20-D0E4-456D-81D2-0E7B5C6B9201}"
EndProject
Global
	GlobalSection(SolutionConfigurationPlatforms) = preSolution
		Debug|Any CPU = Debug|Any CPU
		Release|Any CPU = Release|Any CPU
	EndGlobalSection
	GlobalSection(ProjectConfigurationPlatforms) = postSolution
		{5C4BBB20-D0E4-456D-81D2-0E7B5C6B9201}.Debug|Any CPU.ActiveCfg = Debug|Any CPU
		{5C4BBB20-D0E4-456D-81D2-0E7B5C6B9201}.Debug|Any CPU.Build.0 = Debug|Any CPU
		{5C4BBB20-D0E4-456D-81D2-0E7B5C6B9201}.Release|Any CPU.ActiveCfg = Release|Any CPU
		{5C4BBB20-D0E4-456D-81D2-0E7B5C6B9201}.Release|Any CPU.Build.0 = Release|Any CPU
	EndGlobalSection
	GlobalSection(SolutionProperties) = preSolution
		HideSolutionNode = FALSE
	EndGlobalSection
	GlobalSection(ExtensibilityGlobals) = postSolution
		SolutionGuid = {D8A22B22-790B-4F3D-87EE-1DBAF3F5B579}
	EndGlobalSection
EndGlobal
